
Microsoft Visual Studio Solution File, Format Version 12.00
# Visual Studio Version 17
VisualStudioVersion = 17.11.35208.52
MinimumVisualStudioVersion = 10.0.40219.1
Project("{FAE04EC0-301F-11D3-BF4B-00C04F79EFBC}") = "BookingEntityFramework", "BookingEntityFramework\BookingEntityFramework.csproj", "{C0515613-50DF-48AC-A2CC-0873ACCA9F0E}"
EndProject
Global
	GlobalSection(SolutionConfigurationPlatforms) = preSolution
		Debug|Any CPU = Debug|Any CPU
		Release|Any CPU = Release|Any CPU
	EndGlobalSection
	GlobalSection(ProjectConfigurationPlatforms) = postSolution
		{C0515613-50DF-48AC-A2CC-0873ACCA9F0E}.Debug|Any CPU.ActiveCfg = Debug|Any CPU
		{C0515613-50DF-48AC-A2CC-0873ACCA9F0E}.Debug|Any CPU.Build.0 = Debug|Any CPU
		{C0515613-50DF-48AC-A2CC-0873ACCA9F0E}.Release|Any CPU.ActiveCfg = Release|Any CPU
		{C0515613-50DF-48AC-A2CC-0873ACCA9F0E}.Release|Any CPU.Build.0 = Release|Any CPU
	EndGlobalSection
	GlobalSection(SolutionProperties) = preSolution
		HideSolutionNode = FALSE
	EndGlobalSection
	GlobalSection(ExtensibilityGlobals) = postSolution
		SolutionGuid = {8E9C20E7-ED31-4F5B-A27D-EB462F03F272}
	EndGlobalSection
EndGlobal
